
Microsoft Visual Studio Solution File, Format Version 12.00
# Visual Studio Version 16
VisualStudioVersion = 16.0.810.6
MinimumVisualStudioVersion = 10.0.40219.1
Project("{FAE04EC0-301F-11D3-BF4B-00C04F79EFBC}") = "ConcatenacaoVariaveis", "ConcatenacaoVariaveis\ConcatenacaoVariaveis.csproj", "{695674C3-091C-4088-9CF4-9B9A6DDA2137}"
EndProject
Project("{FAE04EC0-301F-11D3-BF4B-00C04F79EFBC}") = "UtilizandoSPLIT", "UtilizandoSPLIT\UtilizandoSPLIT.csproj", "{1343F493-AA1D-4DE5-ACF8-51336510C49E}"
EndProject
Project("{FAE04EC0-301F-11D3-BF4B-00C04F79EFBC}") = "EntradaDadosSimplesSPLIT", "EntradaDadosSimplesSPLIT\EntradaDadosSimplesSPLIT.csproj", "{74346F02-08A0-4881-B453-85A4F1CC7359}"
EndProject
Project("{FAE04EC0-301F-11D3-BF4B-00C04F79EFBC}") = "EstruturaIfWhile", "EstruturaIfWhile\EstruturaIfWhile.csproj", "{196119CA-4FE8-496F-A696-8F132827E6E9}"
EndProject
Project("{FAE04EC0-301F-11D3-BF4B-00C04F79EFBC}") = "EstruturaFor", "EstruturaFor\EstruturaFor.csproj", "{A42C1285-635E-4AFF-B543-75D5166F9FB4}"
EndProject
Project("{FAE04EC0-301F-11D3-BF4B-00C04F79EFBC}") = "FuncionarioMediaSalarial", "FuncionarioMediaSalarial\FuncionarioMediaSalarial.csproj", "{4BBC34D5-772F-4E37-970A-2ADDA4E89E2A}"
EndProject
Project("{FAE04EC0-301F-11D3-BF4B-00C04F79EFBC}") = "PessoaMaisVelha", "PessoaMaisVelha\PessoaMaisVelha.csproj", "{0634AADE-E63F-4ACA-B8DD-A2709A59D17F}"
EndProject
Project("{FAE04EC0-301F-11D3-BF4B-00C04F79EFBC}") = "CalculaHorasTrabalhadasFuncionario", "CalculaHorasTrabalhadasFuncionario\CalculaHorasTrabalhadasFuncionario.csproj", "{B9662661-6CA1-4815-985B-EC55844FEDD4}"
EndProject
Project("{FAE04EC0-301F-11D3-BF4B-00C04F79EFBC}") = "ProdutoEstoque", "ProdutoEstoque\ProdutoEstoque.csproj", "{A9FC0429-BD3E-4195-B8C4-1EEAA5BA32BA}"
EndProject
Project("{FAE04EC0-301F-11D3-BF4B-00C04F79EFBC}") = "ConversaoDolar", "ConversaoDolar\ConversaoDolar.csproj", "{0607097D-5556-4296-8D0C-A6685B465440}"
EndProject
Project("{FAE04EC0-301F-11D3-BF4B-00C04F79EFBC}") = "Banco", "Banco\Banco.csproj", "{3DC933F7-2AA1-49EE-8DFF-9319ACC5E465}"
EndProject
Project("{FAE04EC0-301F-11D3-BF4B-00C04F79EFBC}") = "UtilizandoStruct", "UtilizandoStruct\UtilizandoStruct.csproj", "{046B1464-A2DA-47DD-A66E-A57270E0DEBF}"
EndProject
Project("{FAE04EC0-301F-11D3-BF4B-00C04F79EFBC}") = "UtilizandoVariaveisNullable", "UtilizandoVariaveisNullable\UtilizandoVariaveisNullable.csproj", "{E621771F-7D16-4E3D-BBFC-0A41B4FB993D}"
EndProject
Project("{FAE04EC0-301F-11D3-BF4B-00C04F79EFBC}") = "UtilizandoVetores", "UtilizandoVetores\UtilizandoVetores.csproj", "{DE7897B5-F18F-4617-A35F-196E5E2B0950}"
EndProject
Project("{FAE04EC0-301F-11D3-BF4B-00C04F79EFBC}") = "UtilizandoVetoresClasse", "UtilizandoVetoresClasse\UtilizandoVetoresClasse.csproj", "{D6D95AE0-6BFE-4555-80AD-77389212E37A}"
EndProject
Project("{FAE04EC0-301F-11D3-BF4B-00C04F79EFBC}") = "ControlePensao", "ControlePensao\ControlePensao.csproj", "{22B90D6F-95A1-4B87-8BB9-97D659EC015D}"
EndProject
Project("{FAE04EC0-301F-11D3-BF4B-00C04F79EFBC}") = "Calculadora", "Calculadora\Calculadora.csproj", "{F4A65019-2CCD-4B27-931F-6376BFFF05BC}"
EndProject
Project("{FAE04EC0-301F-11D3-BF4B-00C04F79EFBC}") = "UtilizandoBoxingUnboxing", "UtilizandoBoxingUnboxing\UtilizandoBoxingUnboxing.csproj", "{8CAC36EF-EE43-466C-BA36-CEE040558607}"
EndProject
Project("{FAE04EC0-301F-11D3-BF4B-00C04F79EFBC}") = "EstruturaForeach", "EstruturaForeach\EstruturaForeach.csproj", "{58FDFAAB-1509-4282-A7A6-7F9AD7D35B76}"
EndProject
Project("{FAE04EC0-301F-11D3-BF4B-00C04F79EFBC}") = "UtilizandoList", "UtilizandoList\UtilizandoList.csproj", "{117C54E5-D20B-44A0-BBD3-208C96BFC19F}"
EndProject
Project("{FAE04EC0-301F-11D3-BF4B-00C04F79EFBC}") = "CadastroDeFuncionario", "CadastroDeFuncionario\CadastroDeFuncionario.csproj", "{4CCFF3D9-45B1-4521-825D-77CFEA58DA60}"
EndProject
Project("{FAE04EC0-301F-11D3-BF4B-00C04F79EFBC}") = "UtilizandoMatriz", "UtilizandoMatriz\UtilizandoMatriz.csproj", "{0338916A-FC82-4D52-BF3B-2F23A8AA9A6B}"
EndProject
Project("{FAE04EC0-301F-11D3-BF4B-00C04F79EFBC}") = "MostraNumerosDiagonalMatriz", "MostraNumerosDiagonalMatriz\MostraNumerosDiagonalMatriz.csproj", "{3FD63514-CBC0-4273-8CA0-CBFE33C899AB}"
EndProject
Project("{FAE04EC0-301F-11D3-BF4B-00C04F79EFBC}") = "NumerosProximosMatriz", "NumerosProximosMatriz\NumerosProximosMatriz.csproj", "{20E7305A-FC11-4A8F-BB7F-D667CE0C10D9}"
EndProject
Project("{FAE04EC0-301F-11D3-BF4B-00C04F79EFBC}") = "UtilizandoVar", "UtilizandoVar\UtilizandoVar.csproj", "{4FEA9103-5337-4AE9-99DD-CF6CC824E3D5}"
EndProject
Project("{FAE04EC0-301F-11D3-BF4B-00C04F79EFBC}") = "UtilizandoSwitchCase", "UtilizandoSwitchCase\UtilizandoSwitchCase.csproj", "{626F75C8-941F-48FA-8133-C0BF0E98C51B}"
EndProject
Project("{FAE04EC0-301F-11D3-BF4B-00C04F79EFBC}") = "UtilizandoExpressaoCondTernaria", "UtilizandoExpressaoCondTernaria\UtilizandoExpressaoCondTernaria.csproj", "{942A0471-08CE-4CA5-907C-18E6BFF547AD}"
EndProject
Project("{FAE04EC0-301F-11D3-BF4B-00C04F79EFBC}") = "UtilizandoStrings", "UtilizandoStrings\UtilizandoStrings.csproj", "{E4CCD48D-7DC1-4CF0-B883-DFBE465CB102}"
EndProject
Project("{FAE04EC0-301F-11D3-BF4B-00C04F79EFBC}") = "UtilizandoDateTime", "UtilizandoDateTime\UtilizandoDateTime.csproj", "{95442635-C651-48CE-A88C-856DEBD092B9}"
EndProject
Project("{FAE04EC0-301F-11D3-BF4B-00C04F79EFBC}") = "UtilizandoTimeSpan", "UtilizandoTimeSpan\UtilizandoTimeSpan.csproj", "{333FACF1-B9FD-4E5D-9BA5-8D4024E3284F}"
EndProject
Project("{FAE04EC0-301F-11D3-BF4B-00C04F79EFBC}") = "UtilizandoENUM", "UtilizandoENUM\UtilizandoENUM.csproj", "{8C8E775B-8BFA-4B9C-ADF5-BB0573C3C150}"
EndProject
Project("{FAE04EC0-301F-11D3-BF4B-00C04F79EFBC}") = "UtilizandoEnumCoposicao", "UtilizandoEnumCoposicao\UtilizandoEnumCoposicao.csproj", "{289FC960-8780-4520-BC82-941C167596D6}"
EndProject
Project("{FAE04EC0-301F-11D3-BF4B-00C04F79EFBC}") = "UtilizandoStringBuilder", "UtilizandoStringBuilder\UtilizandoStringBuilder.csproj", "{1BD7C339-A647-408C-999B-50B1F187C002}"
EndProject
Project("{FAE04EC0-301F-11D3-BF4B-00C04F79EFBC}") = "SistemaPedido", "Pedido\SistemaPedido.csproj", "{DC4AE2E2-0403-4028-BEFD-000BF346F594}"
EndProject
Project("{FAE04EC0-301F-11D3-BF4B-00C04F79EFBC}") = "UtilizandoHeranca", "UtilizandoHeranca\UtilizandoHeranca.csproj", "{27EB1173-465C-4F1C-838C-82ED21F150EB}"
EndProject
Project("{FAE04EC0-301F-11D3-BF4B-00C04F79EFBC}") = "FuncionarioHorasTrabalhadas", "FuncionarioHorasTrabalhadas\FuncionarioHorasTrabalhadas.csproj", "{A8B0FDFD-CD24-4C23-B511-395DAED24F05}"
EndProject
Project("{FAE04EC0-301F-11D3-BF4B-00C04F79EFBC}") = "EtiquetaProduto", "EtiquetaProduto\EtiquetaProduto.csproj", "{974B518D-1C36-4B55-AAEF-C4E9C02EE264}"
EndProject
Global
	GlobalSection(SolutionConfigurationPlatforms) = preSolution
		Debug|Any CPU = Debug|Any CPU
		Release|Any CPU = Release|Any CPU
	EndGlobalSection
	GlobalSection(ProjectConfigurationPlatforms) = postSolution
		{695674C3-091C-4088-9CF4-9B9A6DDA2137}.Debug|Any CPU.ActiveCfg = Debug|Any CPU
		{695674C3-091C-4088-9CF4-9B9A6DDA2137}.Debug|Any CPU.Build.0 = Debug|Any CPU
		{695674C3-091C-4088-9CF4-9B9A6DDA2137}.Release|Any CPU.ActiveCfg = Release|Any CPU
		{695674C3-091C-4088-9CF4-9B9A6DDA2137}.Release|Any CPU.Build.0 = Release|Any CPU
		{1343F493-AA1D-4DE5-ACF8-51336510C49E}.Debug|Any CPU.ActiveCfg = Debug|Any CPU
		{1343F493-AA1D-4DE5-ACF8-51336510C49E}.Debug|Any CPU.Build.0 = Debug|Any CPU
		{1343F493-AA1D-4DE5-ACF8-51336510C49E}.Release|Any CPU.ActiveCfg = Release|Any CPU
		{1343F493-AA1D-4DE5-ACF8-51336510C49E}.Release|Any CPU.Build.0 = Release|Any CPU
		{74346F02-08A0-4881-B453-85A4F1CC7359}.Debug|Any CPU.ActiveCfg = Debug|Any CPU
		{74346F02-08A0-4881-B453-85A4F1CC7359}.Debug|Any CPU.Build.0 = Debug|Any CPU
		{74346F02-08A0-4881-B453-85A4F1CC7359}.Release|Any CPU.ActiveCfg = Release|Any CPU
		{74346F02-08A0-4881-B453-85A4F1CC7359}.Release|Any CPU.Build.0 = Release|Any CPU
		{196119CA-4FE8-496F-A696-8F132827E6E9}.Debug|Any CPU.ActiveCfg = Debug|Any CPU
		{196119CA-4FE8-496F-A696-8F132827E6E9}.Debug|Any CPU.Build.0 = Debug|Any CPU
		{196119CA-4FE8-496F-A696-8F132827E6E9}.Release|Any CPU.ActiveCfg = Release|Any CPU
		{196119CA-4FE8-496F-A696-8F132827E6E9}.Release|Any CPU.Build.0 = Release|Any CPU
		{A42C1285-635E-4AFF-B543-75D5166F9FB4}.Debug|Any CPU.ActiveCfg = Debug|Any CPU
		{A42C1285-635E-4AFF-B543-75D5166F9FB4}.Debug|Any CPU.Build.0 = Debug|Any CPU
		{A42C1285-635E-4AFF-B543-75D5166F9FB4}.Release|Any CPU.ActiveCfg = Release|Any CPU
		{A42C1285-635E-4AFF-B543-75D5166F9FB4}.Release|Any CPU.Build.0 = Release|Any CPU
		{4BBC34D5-772F-4E37-970A-2ADDA4E89E2A}.Debug|Any CPU.ActiveCfg = Debug|Any CPU
		{4BBC34D5-772F-4E37-970A-2ADDA4E89E2A}.Debug|Any CPU.Build.0 = Debug|Any CPU
		{4BBC34D5-772F-4E37-970A-2ADDA4E89E2A}.Release|Any CPU.ActiveCfg = Release|Any CPU
		{4BBC34D5-772F-4E37-970A-2ADDA4E89E2A}.Release|Any CPU.Build.0 = Release|Any CPU
		{0634AADE-E63F-4ACA-B8DD-A2709A59D17F}.Debug|Any CPU.ActiveCfg = Debug|Any CPU
		{0634AADE-E63F-4ACA-B8DD-A2709A59D17F}.Debug|Any CPU.Build.0 = Debug|Any CPU
		{0634AADE-E63F-4ACA-B8DD-A2709A59D17F}.Release|Any CPU.ActiveCfg = Release|Any CPU
		{0634AADE-E63F-4ACA-B8DD-A2709A59D17F}.Release|Any CPU.Build.0 = Release|Any CPU
		{B9662661-6CA1-4815-985B-EC55844FEDD4}.Debug|Any CPU.ActiveCfg = Debug|Any CPU
		{B9662661-6CA1-4815-985B-EC55844FEDD4}.Debug|Any CPU.Build.0 = Debug|Any CPU
		{B9662661-6CA1-4815-985B-EC55844FEDD4}.Release|Any CPU.ActiveCfg = Release|Any CPU
		{B9662661-6CA1-4815-985B-EC55844FEDD4}.Release|Any CPU.Build.0 = Release|Any CPU
		{A9FC0429-BD3E-4195-B8C4-1EEAA5BA32BA}.Debug|Any CPU.ActiveCfg = Debug|Any CPU
		{A9FC0429-BD3E-4195-B8C4-1EEAA5BA32BA}.Debug|Any CPU.Build.0 = Debug|Any CPU
		{A9FC0429-BD3E-4195-B8C4-1EEAA5BA32BA}.Release|Any CPU.ActiveCfg = Release|Any CPU
		{A9FC0429-BD3E-4195-B8C4-1EEAA5BA32BA}.Release|Any CPU.Build.0 = Release|Any CPU
		{0607097D-5556-4296-8D0C-A6685B465440}.Debug|Any CPU.ActiveCfg = Debug|Any CPU
		{0607097D-5556-4296-8D0C-A6685B465440}.Debug|Any CPU.Build.0 = Debug|Any CPU
		{0607097D-5556-4296-8D0C-A6685B465440}.Release|Any CPU.ActiveCfg = Release|Any CPU
		{0607097D-5556-4296-8D0C-A6685B465440}.Release|Any CPU.Build.0 = Release|Any CPU
		{3DC933F7-2AA1-49EE-8DFF-9319ACC5E465}.Debug|Any CPU.ActiveCfg = Debug|Any CPU
		{3DC933F7-2AA1-49EE-8DFF-9319ACC5E465}.Debug|Any CPU.Build.0 = Debug|Any CPU
		{3DC933F7-2AA1-49EE-8DFF-9319ACC5E465}.Release|Any CPU.ActiveCfg = Release|Any CPU
		{3DC933F7-2AA1-49EE-8DFF-9319ACC5E465}.Release|Any CPU.Build.0 = Release|Any CPU
		{046B1464-A2DA-47DD-A66E-A57270E0DEBF}.Debug|Any CPU.ActiveCfg = Debug|Any CPU
		{046B1464-A2DA-47DD-A66E-A57270E0DEBF}.Debug|Any CPU.Build.0 = Debug|Any CPU
		{046B1464-A2DA-47DD-A66E-A57270E0DEBF}.Release|Any CPU.ActiveCfg = Release|Any CPU
		{046B1464-A2DA-47DD-A66E-A57270E0DEBF}.Release|Any CPU.Build.0 = Release|Any CPU
		{E621771F-7D16-4E3D-BBFC-0A41B4FB993D}.Debug|Any CPU.ActiveCfg = Debug|Any CPU
		{E621771F-7D16-4E3D-BBFC-0A41B4FB993D}.Debug|Any CPU.Build.0 = Debug|Any CPU
		{E621771F-7D16-4E3D-BBFC-0A41B4FB993D}.Release|Any CPU.ActiveCfg = Release|Any CPU
		{E621771F-7D16-4E3D-BBFC-0A41B4FB993D}.Release|Any CPU.Build.0 = Release|Any CPU
		{DE7897B5-F18F-4617-A35F-196E5E2B0950}.Debug|Any CPU.ActiveCfg = Debug|Any CPU
		{DE7897B5-F18F-4617-A35F-196E5E2B0950}.Debug|Any CPU.Build.0 = Debug|Any CPU
		{DE7897B5-F18F-4617-A35F-196E5E2B0950}.Release|Any CPU.ActiveCfg = Release|Any CPU
		{DE7897B5-F18F-4617-A35F-196E5E2B0950}.Release|Any CPU.Build.0 = Release|Any CPU
		{D6D95AE0-6BFE-4555-80AD-77389212E37A}.Debug|Any CPU.ActiveCfg = Debug|Any CPU
		{D6D95AE0-6BFE-4555-80AD-77389212E37A}.Debug|Any CPU.Build.0 = Debug|Any CPU
		{D6D95AE0-6BFE-4555-80AD-77389212E37A}.Release|Any CPU.ActiveCfg = Release|Any CPU
		{D6D95AE0-6BFE-4555-80AD-77389212E37A}.Release|Any CPU.Build.0 = Release|Any CPU
		{22B90D6F-95A1-4B87-8BB9-97D659EC015D}.Debug|Any CPU.ActiveCfg = Debug|Any CPU
		{22B90D6F-95A1-4B87-8BB9-97D659EC015D}.Debug|Any CPU.Build.0 = Debug|Any CPU
		{22B90D6F-95A1-4B87-8BB9-97D659EC015D}.Release|Any CPU.ActiveCfg = Release|Any CPU
		{22B90D6F-95A1-4B87-8BB9-97D659EC015D}.Release|Any CPU.Build.0 = Release|Any CPU
		{F4A65019-2CCD-4B27-931F-6376BFFF05BC}.Debug|Any CPU.ActiveCfg = Debug|Any CPU
		{F4A65019-2CCD-4B27-931F-6376BFFF05BC}.Debug|Any CPU.Build.0 = Debug|Any CPU
		{F4A65019-2CCD-4B27-931F-6376BFFF05BC}.Release|Any CPU.ActiveCfg = Release|Any CPU
		{F4A65019-2CCD-4B27-931F-6376BFFF05BC}.Release|Any CPU.Build.0 = Release|Any CPU
		{8CAC36EF-EE43-466C-BA36-CEE040558607}.Debug|Any CPU.ActiveCfg = Debug|Any CPU
		{8CAC36EF-EE43-466C-BA36-CEE040558607}.Debug|Any CPU.Build.0 = Debug|Any CPU
		{8CAC36EF-EE43-466C-BA36-CEE040558607}.Release|Any CPU.ActiveCfg = Release|Any CPU
		{8CAC36EF-EE43-466C-BA36-CEE040558607}.Release|Any CPU.Build.0 = Release|Any CPU
		{58FDFAAB-1509-4282-A7A6-7F9AD7D35B76}.Debug|Any CPU.ActiveCfg = Debug|Any CPU
		{58FDFAAB-1509-4282-A7A6-7F9AD7D35B76}.Debug|Any CPU.Build.0 = Debug|Any CPU
		{58FDFAAB-1509-4282-A7A6-7F9AD7D35B76}.Release|Any CPU.ActiveCfg = Release|Any CPU
		{58FDFAAB-1509-4282-A7A6-7F9AD7D35B76}.Release|Any CPU.Build.0 = Release|Any CPU
		{117C54E5-D20B-44A0-BBD3-208C96BFC19F}.Debug|Any CPU.ActiveCfg = Debug|Any CPU
		{117C54E5-D20B-44A0-BBD3-208C96BFC19F}.Debug|Any CPU.Build.0 = Debug|Any CPU
		{117C54E5-D20B-44A0-BBD3-208C96BFC19F}.Release|Any CPU.ActiveCfg = Release|Any CPU
		{117C54E5-D20B-44A0-BBD3-208C96BFC19F}.Release|Any CPU.Build.0 = Release|Any CPU
		{4CCFF3D9-45B1-4521-825D-77CFEA58DA60}.Debug|Any CPU.ActiveCfg = Debug|Any CPU
		{4CCFF3D9-45B1-4521-825D-77CFEA58DA60}.Debug|Any CPU.Build.0 = Debug|Any CPU
		{4CCFF3D9-45B1-4521-825D-77CFEA58DA60}.Release|Any CPU.ActiveCfg = Release|Any CPU
		{4CCFF3D9-45B1-4521-825D-77CFEA58DA60}.Release|Any CPU.Build.0 = Release|Any CPU
		{0338916A-FC82-4D52-BF3B-2F23A8AA9A6B}.Debug|Any CPU.ActiveCfg = Debug|Any CPU
		{0338916A-FC82-4D52-BF3B-2F23A8AA9A6B}.Debug|Any CPU.Build.0 = Debug|Any CPU
		{0338916A-FC82-4D52-BF3B-2F23A8AA9A6B}.Release|Any CPU.ActiveCfg = Release|Any CPU
		{0338916A-FC82-4D52-BF3B-2F23A8AA9A6B}.Release|Any CPU.Build.0 = Release|Any CPU
		{3FD63514-CBC0-4273-8CA0-CBFE33C899AB}.Debug|Any CPU.ActiveCfg = Debug|Any CPU
		{3FD63514-CBC0-4273-8CA0-CBFE33C899AB}.Debug|Any CPU.Build.0 = Debug|Any CPU
		{3FD63514-CBC0-4273-8CA0-CBFE33C899AB}.Release|Any CPU.ActiveCfg = Release|Any CPU
		{3FD63514-CBC0-4273-8CA0-CBFE33C899AB}.Release|Any CPU.Build.0 = Release|Any CPU
		{20E7305A-FC11-4A8F-BB7F-D667CE0C10D9}.Debug|Any CPU.ActiveCfg = Debug|Any CPU
		{20E7305A-FC11-4A8F-BB7F-D667CE0C10D9}.Debug|Any CPU.Build.0 = Debug|Any CPU
		{20E7305A-FC11-4A8F-BB7F-D667CE0C10D9}.Release|Any CPU.ActiveCfg = Release|Any CPU
		{20E7305A-FC11-4A8F-BB7F-D667CE0C10D9}.Release|Any CPU.Build.0 = Release|Any CPU
		{4FEA9103-5337-4AE9-99DD-CF6CC824E3D5}.Debug|Any CPU.ActiveCfg = Debug|Any CPU
		{4FEA9103-5337-4AE9-99DD-CF6CC824E3D5}.Debug|Any CPU.Build.0 = Debug|Any CPU
		{4FEA9103-5337-4AE9-99DD-CF6CC824E3D5}.Release|Any CPU.ActiveCfg = Release|Any CPU
		{4FEA9103-5337-4AE9-99DD-CF6CC824E3D5}.Release|Any CPU.Build.0 = Release|Any CPU
		{626F75C8-941F-48FA-8133-C0BF0E98C51B}.Debug|Any CPU.ActiveCfg = Debug|Any CPU
		{626F75C8-941F-48FA-8133-C0BF0E98C51B}.Debug|Any CPU.Build.0 = Debug|Any CPU
		{626F75C8-941F-48FA-8133-C0BF0E98C51B}.Release|Any CPU.ActiveCfg = Release|Any CPU
		{626F75C8-941F-48FA-8133-C0BF0E98C51B}.Release|Any CPU.Build.0 = Release|Any CPU
		{942A0471-08CE-4CA5-907C-18E6BFF547AD}.Debug|Any CPU.ActiveCfg = Debug|Any CPU
		{942A0471-08CE-4CA5-907C-18E6BFF547AD}.Debug|Any CPU.Build.0 = Debug|Any CPU
		{942A0471-08CE-4CA5-907C-18E6BFF547AD}.Release|Any CPU.ActiveCfg = Release|Any CPU
		{942A0471-08CE-4CA5-907C-18E6BFF547AD}.Release|Any CPU.Build.0 = Release|Any CPU
		{E4CCD48D-7DC1-4CF0-B883-DFBE465CB102}.Debug|Any CPU.ActiveCfg = Debug|Any CPU
		{E4CCD48D-7DC1-4CF0-B883-DFBE465CB102}.Debug|Any CPU.Build.0 = Debug|Any CPU
		{E4CCD48D-7DC1-4CF0-B883-DFBE465CB102}.Release|Any CPU.ActiveCfg = Release|Any CPU
		{E4CCD48D-7DC1-4CF0-B883-DFBE465CB102}.Release|Any CPU.Build.0 = Release|Any CPU
		{95442635-C651-48CE-A88C-856DEBD092B9}.Debug|Any CPU.ActiveCfg = Debug|Any CPU
		{95442635-C651-48CE-A88C-856DEBD092B9}.Debug|Any CPU.Build.0 = Debug|Any CPU
		{95442635-C651-48CE-A88C-856DEBD092B9}.Release|Any CPU.ActiveCfg = Release|Any CPU
		{95442635-C651-48CE-A88C-856DEBD092B9}.Release|Any CPU.Build.0 = Release|Any CPU
		{333FACF1-B9FD-4E5D-9BA5-8D4024E3284F}.Debug|Any CPU.ActiveCfg = Debug|Any CPU
		{333FACF1-B9FD-4E5D-9BA5-8D4024E3284F}.Debug|Any CPU.Build.0 = Debug|Any CPU
		{333FACF1-B9FD-4E5D-9BA5-8D4024E3284F}.Release|Any CPU.ActiveCfg = Release|Any CPU
		{333FACF1-B9FD-4E5D-9BA5-8D4024E3284F}.Release|Any CPU.Build.0 = Release|Any CPU
		{8C8E775B-8BFA-4B9C-ADF5-BB0573C3C150}.Debug|Any CPU.ActiveCfg = Debug|Any CPU
		{8C8E775B-8BFA-4B9C-ADF5-BB0573C3C150}.Debug|Any CPU.Build.0 = Debug|Any CPU
		{8C8E775B-8BFA-4B9C-ADF5-BB0573C3C150}.Release|Any CPU.ActiveCfg = Release|Any CPU
		{8C8E775B-8BFA-4B9C-ADF5-BB0573C3C150}.Release|Any CPU.Build.0 = Release|Any CPU
		{289FC960-8780-4520-BC82-941C167596D6}.Debug|Any CPU.ActiveCfg = Debug|Any CPU
		{289FC960-8780-4520-BC82-941C167596D6}.Debug|Any CPU.Build.0 = Debug|Any CPU
		{289FC960-8780-4520-BC82-941C167596D6}.Release|Any CPU.ActiveCfg = Release|Any CPU
		{289FC960-8780-4520-BC82-941C167596D6}.Release|Any CPU.Build.0 = Release|Any CPU
		{1BD7C339-A647-408C-999B-50B1F187C002}.Debug|Any CPU.ActiveCfg = Debug|Any CPU
		{1BD7C339-A647-408C-999B-50B1F187C002}.Debug|Any CPU.Build.0 = Debug|Any CPU
		{1BD7C339-A647-408C-999B-50B1F187C002}.Release|Any CPU.ActiveCfg = Release|Any CPU
		{1BD7C339-A647-408C-999B-50B1F187C002}.Release|Any CPU.Build.0 = Release|Any CPU
		{DC4AE2E2-0403-4028-BEFD-000BF346F594}.Debug|Any CPU.ActiveCfg = Debug|Any CPU
		{DC4AE2E2-0403-4028-BEFD-000BF346F594}.Debug|Any CPU.Build.0 = Debug|Any CPU
		{DC4AE2E2-0403-4028-BEFD-000BF346F594}.Release|Any CPU.ActiveCfg = Release|Any CPU
		{DC4AE2E2-0403-4028-BEFD-000BF346F594}.Release|Any CPU.Build.0 = Release|Any CPU
		{27EB1173-465C-4F1C-838C-82ED21F150EB}.Debug|Any CPU.ActiveCfg = Debug|Any CPU
		{27EB1173-465C-4F1C-838C-82ED21F150EB}.Debug|Any CPU.Build.0 = Debug|Any CPU
		{27EB1173-465C-4F1C-838C-82ED21F150EB}.Release|Any CPU.ActiveCfg = Release|Any CPU
		{27EB1173-465C-4F1C-838C-82ED21F150EB}.Release|Any CPU.Build.0 = Release|Any CPU
		{A8B0FDFD-CD24-4C23-B511-395DAED24F05}.Debug|Any CPU.ActiveCfg = Debug|Any CPU
		{A8B0FDFD-CD24-4C23-B511-395DAED24F05}.Debug|Any CPU.Build.0 = Debug|Any CPU
		{A8B0FDFD-CD24-4C23-B511-395DAED24F05}.Release|Any CPU.ActiveCfg = Release|Any CPU
		{A8B0FDFD-CD24-4C23-B511-395DAED24F05}.Release|Any CPU.Build.0 = Release|Any CPU
		{974B518D-1C36-4B55-AAEF-C4E9C02EE264}.Debug|Any CPU.ActiveCfg = Debug|Any CPU
		{974B518D-1C36-4B55-AAEF-C4E9C02EE264}.Debug|Any CPU.Build.0 = Debug|Any CPU
		{974B518D-1C36-4B55-AAEF-C4E9C02EE264}.Release|Any CPU.ActiveCfg = Release|Any CPU
		{974B518D-1C36-4B55-AAEF-C4E9C02EE264}.Release|Any CPU.Build.0 = Release|Any CPU
	EndGlobalSection
	GlobalSection(SolutionProperties) = preSolution
		HideSolutionNode = FALSE
	EndGlobalSection
	GlobalSection(ExtensibilityGlobals) = postSolution
		SolutionGuid = {88575FED-9355-4708-9BD9-315191589DA8}
	EndGlobalSection
	GlobalSection(NestedProjects) = preSolution
	EndGlobalSection
EndGlobal
